{
  "name": "@greenpay/i18n",
  "version": "0.1.0",
  "lockfileVersion": 3,
  "requires": true,
  "packages": {
    "": {
      "name": "@greenpay/i18n",
      "version": "0.1.0",
      "dependencies": {
        "intl-messageformat": "^11.2.14"
      },
      "peerDependencies": {
        "typescript": "^5.0.0"
      }
    },
    "node_modules/@formatjs/fast-memoize": {
      "version": "3.1.7",
      "resolved": "https://registry.npmjs.org/@formatjs/fast-memoize/-/fast-memoize-3.1.7.tgz",
      "integrity": "sha512-zXfhLpvA6T7+efdt9JLbBwZ00tT7NsBMDVnDu8rpHeNNv8KfRZAMo2gkG0k9lK/Nzc//3kJ9pImsfuJxk3KhUA==",
      "license": "MIT"
    },
    "node_modules/@formatjs/icu-messageformat-parser": {
      "version": "3.5.17",
      "resolved": "https://registry.npmjs.org/@formatjs/icu-messageformat-parser/-/icu-messageformat-parser-3.5.17.tgz",
      "integrity": "sha512-cN9jhVqT7u0K9tix43fhjoUwL0nazyW6zsNIXs2QdPADr+nurPfYyssUiMqcSCGlPcCiqnYVxgSn7zBSuI+5Bg==",
      "license": "MIT",
      "dependencies": {
        "@formatjs/icu-skeleton-parser": "2.1.11"
      }
    },
    "node_modules/@formatjs/icu-skeleton-parser": {
      "version": "2.1.11",
      "resolved": "https://registry.npmjs.org/@formatjs/icu-skeleton-parser/-/icu-skeleton-parser-2.1.11.tgz",
      "integrity": "sha512-j8cUmOJzVgkHuS0QiQ6ga76UIoLOFSAMWhs7aZJztH3aAdCOAE6vpC8KVvFB4cU10ON0y2/5oOVmPJ43s2lTwA==",
      "license": "MIT"
    },
    "node_modules/intl-messageformat": {
      "version": "11.2.14",
      "resolved": "https://registry.npmjs.org/intl-messageformat/-/intl-messageformat-11.2.14.tgz",
      "integrity": "sha512-9f2VD1HFuxUvMw0RxsaP8WmMns6JRTnsNB/zghTFrp11ZktiXWwVDeZBPQchBKEmo+Gx/ZhxI7Qht7YglFD4PA==",
      "license": "BSD-3-Clause",
      "dependencies": {
        "@formatjs/fast-memoize": "3.1.7",
        "@formatjs/icu-messageformat-parser": "3.5.17"
      }
    },
    "node_modules/typescript": {
      "version": "5.9.3",
      "resolved": "https://registry.npmjs.org/typescript/-/typescript-5.9.3.tgz",
      "integrity": "sha512-jl1vZzPDinLr9eUt3J/t7V6FgNEw9QjvBPdysz9KfQDD41fQrC2Y4vKQdiaUpFT4bXlb1RHhLpp8wtm6M5TgSw==",
      "license": "Apache-2.0",
      "peer": true,
      "bin": {
        "tsc": "bin/tsc",
        "tsserver": "bin/tsserver"
      },
      "engines": {
        "node": ">=14.17"
      }
    }
  }
}
